
Microsoft Visual Studio Solution File, Format Version 12.00
# Visual Studio Version 16
VisualStudioVersion = 16.0.30804.86
MinimumVisualStudioVersion = 10.0.40219.1
Project("{FAE04EC0-301F-11D3-BF4B-00C04F79EFBC}") = "Football_DB", "Football_DB\Football_DB.csproj", "{9B3798B6-85AD-4DC0-B9A3-D461E7431ADC}"
EndProject
Global
	GlobalSection(SolutionConfigurationPlatforms) = preSolution
		Debug|Any CPU = Debug|Any CPU
		Release|Any CPU = Release|Any CPU
	EndGlobalSection
	GlobalSection(ProjectConfigurationPlatforms) = postSolution
		{9B3798B6-85AD-4DC0-B9A3-D461E7431ADC}.Debug|Any CPU.ActiveCfg = Debug|Any CPU
		{9B3798B6-85AD-4DC0-B9A3-D461E7431ADC}.Debug|Any CPU.Build.0 = Debug|Any CPU
		{9B3798B6-85AD-4DC0-B9A3-D461E7431ADC}.Release|Any CPU.ActiveCfg = Release|Any CPU
		{9B3798B6-85AD-4DC0-B9A3-D461E7431ADC}.Release|Any CPU.Build.0 = Release|Any CPU
	EndGlobalSection
	GlobalSection(SolutionProperties) = preSolution
		HideSolutionNode = FALSE
	EndGlobalSection
	GlobalSection(ExtensibilityGlobals) = postSolution
		SolutionGuid = {06C18C19-C042-4048-8490-7EA8BC0ECA84}
	EndGlobalSection
EndGlobal
